{
  "nodes": {
    "apparat": {
      "inputs": {
        "blank": "blank",
        "haumea": "haumea",
        "nix-colors": [
          "apparat",
          "blank"
        ],
        "nixpkgs": "nixpkgs",
        "std": "std"
      },
      "locked": {
        "lastModified": 1715185037,
        "narHash": "sha256-uZX5+Mxa+YnkgV00ERuH2HE2zPHh7vBEI3jJd9YlBog=",
        "owner": "~montchr",
        "repo": "apparat",
        "rev": "42049dd36f62f342be3f21bee5052f13c6ab3810",
        "type": "sourcehut"
      },
      "original": {
        "owner": "~montchr",
        "repo": "apparat",
        "type": "sourcehut"
      }
    },
    "blank": {
      "locked": {
        "lastModified": 1625557891,
        "narHash": "sha256-O8/MWsPBGhhyPoPLHZAuoZiiHo9q6FLlEeIDEXuj6T4=",
        "owner": "divnix",
        "repo": "blank",
        "rev": "5a5d2684073d9f563072ed07c871d577a6c614a8",
        "type": "github"
      },
      "original": {
        "owner": "divnix",
        "repo": "blank",
        "type": "github"
      }
    },
    "blank_2": {
      "locked": {
        "lastModified": 1625557891,
        "narHash": "sha256-O8/MWsPBGhhyPoPLHZAuoZiiHo9q6FLlEeIDEXuj6T4=",
        "owner": "divnix",
        "repo": "blank",
        "rev": "5a5d2684073d9f563072ed07c871d577a6c614a8",
        "type": "github"
      },
      "original": {
        "owner": "divnix",
        "repo": "blank",
        "type": "github"
      }
    },
    "call-flake": {
      "locked": {
        "lastModified": 1687380775,
        "narHash": "sha256-bmhE1TmrJG4ba93l9WQTLuYM53kwGQAjYHRvHOeuxWU=",
        "owner": "divnix",
        "repo": "call-flake",
        "rev": "74061f6c241227cd05e79b702db9a300a2e4131a",
        "type": "github"
      },
      "original": {
        "owner": "divnix",
        "repo": "call-flake",
        "type": "github"
      }
    },
    "devshell": {
      "inputs": {
        "nixpkgs": "nixpkgs_2"
      },
      "locked": {
        "lastModified": 1728330715,
        "narHash": "sha256-xRJ2nPOXb//u1jaBnDP56M7v5ldavjbtR6lfGqSvcKg=",
        "owner": "numtide",
        "repo": "devshell",
        "rev": "dd6b80932022cea34a019e2bb32f6fa9e494dfef",
        "type": "github"
      },
      "original": {
        "owner": "numtide",
        "repo": "devshell",
        "type": "github"
      }
    },
    "dmerge": {
      "inputs": {
        "haumea": [
          "apparat",
          "std",
          "haumea"
        ],
        "nixlib": [
          "apparat",
          "std",
          "lib"
        ],
        "yants": [
          "apparat",
          "std",
          "yants"
        ]
      },
      "locked": {
        "lastModified": 1686862774,
        "narHash": "sha256-ojGtRQ9pIOUrxsQEuEPerUkqIJEuod9hIflfNkY+9CE=",
        "owner": "divnix",
        "repo": "dmerge",
        "rev": "9f7f7a8349d33d7bd02e0f2b484b1f076e503a96",
        "type": "github"
      },
      "original": {
        "owner": "divnix",
        "ref": "0.2.1",
        "repo": "dmerge",
        "type": "github"
      }
    },
    "flake-parts": {
      "inputs": {
        "nixpkgs-lib": "nixpkgs-lib"
      },
      "locked": {
        "lastModified": 1727826117,
        "narHash": "sha256-K5ZLCyfO/Zj9mPFldf3iwS6oZStJcU4tSpiXTMYaaL0=",
        "path": "/nix/store/714g6clapigzz83jh4gb8r4q9zzndk10-source",
        "rev": "3d04084d54bedc3d6b8b736c70ef449225c361b1",
        "type": "path"
      },
      "original": {
        "id": "flake-parts",
        "type": "indirect"
      }
    },
    "haumea": {
      "inputs": {
        "nixpkgs": [
          "apparat",
          "nixpkgs"
        ]
      },
      "locked": {
        "lastModified": 1708375098,
        "narHash": "sha256-DaFJp3wDHgOqx98U0SF57bXaH2Orp106c+jSdPCVu1E=",
        "owner": "nix-community",
        "repo": "haumea",
        "rev": "ec6350fd9353e7f27ce0e85d31f82e3ed73e4d70",
        "type": "github"
      },
      "original": {
        "owner": "nix-community",
        "repo": "haumea",
        "type": "github"
      }
    },
    "haumea_2": {
      "inputs": {
        "nixpkgs": [
          "apparat",
          "std",
          "lib"
        ]
      },
      "locked": {
        "lastModified": 1685133229,
        "narHash": "sha256-FePm/Gi9PBSNwiDFq3N+DWdfxFq0UKsVVTJS3cQPn94=",
        "owner": "nix-community",
        "repo": "haumea",
        "rev": "34dd58385092a23018748b50f9b23de6266dffc2",
        "type": "github"
      },
      "original": {
        "owner": "nix-community",
        "ref": "v0.2.2",
        "repo": "haumea",
        "type": "github"
      }
    },
    "incl": {
      "inputs": {
        "nixlib": [
          "apparat",
          "std",
          "lib"
        ]
      },
      "locked": {
        "lastModified": 1669263024,
        "narHash": "sha256-E/+23NKtxAqYG/0ydYgxlgarKnxmDbg6rCMWnOBqn9Q=",
        "owner": "divnix",
        "repo": "incl",
        "rev": "ce7bebaee048e4cd7ebdb4cee7885e00c4e2abca",
        "type": "github"
      },
      "original": {
        "owner": "divnix",
        "repo": "incl",
        "type": "github"
      }
    },
    "lib": {
      "locked": {
        "lastModified": 1694306727,
        "narHash": "sha256-26fkTOJOI65NOTNKFvtcJF9mzzf/kK9swHzfYt1Dl6Q=",
        "owner": "nix-community",
        "repo": "nixpkgs.lib",
        "rev": "c30b6a84c0b84ec7aecbe74466033facc9ed103f",
        "type": "github"
      },
      "original": {
        "owner": "nix-community",
        "repo": "nixpkgs.lib",
        "type": "github"
      }
    },
    "nixpkgs": {
      "locked": {
        "lastModified": 1713714899,
        "narHash": "sha256-+z/XjO3QJs5rLE5UOf015gdVauVRQd2vZtsFkaXBq2Y=",
        "owner": "NixOS",
        "repo": "nixpkgs",
        "rev": "6143fc5eeb9c4f00163267708e26191d1e918932",
        "type": "github"
      },
      "original": {
        "owner": "NixOS",
        "ref": "nixos-unstable",
        "repo": "nixpkgs",
        "type": "github"
      }
    },
    "nixpkgs-lib": {
      "locked": {
        "lastModified": 1727825735,
        "narHash": "sha256-0xHYkMkeLVQAMa7gvkddbPqpxph+hDzdu1XdGPJR+Os=",
        "type": "tarball",
        "url": "https://github.com/NixOS/nixpkgs/archive/fb192fec7cc7a4c26d51779e9bab07ce6fa5597a.tar.gz"
      },
      "original": {
        "type": "tarball",
        "url": "https://github.com/NixOS/nixpkgs/archive/fb192fec7cc7a4c26d51779e9bab07ce6fa5597a.tar.gz"
      }
    },
    "nixpkgs_2": {
      "locked": {
        "lastModified": 1722073938,
        "narHash": "sha256-OpX0StkL8vpXyWOGUD6G+MA26wAXK6SpT94kLJXo6B4=",
        "owner": "NixOS",
        "repo": "nixpkgs",
        "rev": "e36e9f57337d0ff0cf77aceb58af4c805472bfae",
        "type": "github"
      },
      "original": {
        "owner": "NixOS",
        "ref": "nixpkgs-unstable",
        "repo": "nixpkgs",
        "type": "github"
      }
    },
    "nixpkgs_3": {
      "locked": {
        "lastModified": 1728492678,
        "narHash": "sha256-9UTxR8eukdg+XZeHgxW5hQA9fIKHsKCdOIUycTryeVw=",
        "owner": "NixOS",
        "repo": "nixpkgs",
        "rev": "5633bcff0c6162b9e4b5f1264264611e950c8ec7",
        "type": "github"
      },
      "original": {
        "owner": "NixOS",
        "ref": "nixos-unstable",
        "repo": "nixpkgs",
        "type": "github"
      }
    },
    "nosys": {
      "locked": {
        "lastModified": 1668010795,
        "narHash": "sha256-JBDVBnos8g0toU7EhIIqQ1If5m/nyBqtHhL3sicdPwI=",
        "owner": "divnix",
        "repo": "nosys",
        "rev": "feade0141487801c71ff55623b421ed535dbdefa",
        "type": "github"
      },
      "original": {
        "owner": "divnix",
        "repo": "nosys",
        "type": "github"
      }
    },
    "paisano": {
      "inputs": {
        "call-flake": "call-flake",
        "nixpkgs": [
          "apparat",
          "std",
          "nixpkgs"
        ],
        "nosys": "nosys",
        "yants": [
          "apparat",
          "std",
          "yants"
        ]
      },
      "locked": {
        "lastModified": 1708640854,
        "narHash": "sha256-EpcAmvIS4ErqhXtVEfd2GPpU/E/s8CCRSfYzk6FZ/fY=",
        "owner": "paisano-nix",
        "repo": "core",
        "rev": "adcf742bc9463c08764ca9e6955bd5e7dcf3a3fe",
        "type": "github"
      },
      "original": {
        "owner": "paisano-nix",
        "ref": "0.2.0",
        "repo": "core",
        "type": "github"
      }
    },
    "paisano-tui": {
      "flake": false,
      "locked": {
        "lastModified": 1708637035,
        "narHash": "sha256-R19YURSK+MY/Rw6FZnojQS9zuDh+OoTAyngQAjjoubc=",
        "owner": "paisano-nix",
        "repo": "tui",
        "rev": "231761b260587a64817e4ffae3afc15defaa15db",
        "type": "github"
      },
      "original": {
        "owner": "paisano-nix",
        "ref": "v0.5.0",
        "repo": "tui",
        "type": "github"
      }
    },
    "root": {
      "inputs": {
        "apparat": "apparat",
        "devshell": "devshell",
        "flake-parts": "flake-parts",
        "nixpkgs": "nixpkgs_3"
      }
    },
    "std": {
      "inputs": {
        "arion": [
          "apparat",
          "std",
          "blank"
        ],
        "blank": "blank_2",
        "devshell": [
          "apparat",
          "std",
          "blank"
        ],
        "dmerge": "dmerge",
        "haumea": "haumea_2",
        "incl": "incl",
        "lib": "lib",
        "makes": [
          "apparat",
          "std",
          "blank"
        ],
        "microvm": [
          "apparat",
          "std",
          "blank"
        ],
        "n2c": [
          "apparat",
          "std",
          "blank"
        ],
        "nixago": [
          "apparat",
          "std",
          "blank"
        ],
        "nixpkgs": [
          "apparat",
          "nixpkgs"
        ],
        "paisano": "paisano",
        "paisano-tui": "paisano-tui",
        "terranix": [
          "apparat",
          "std",
          "blank"
        ],
        "yants": "yants"
      },
      "locked": {
        "lastModified": 1711791820,
        "narHash": "sha256-MdosbJld9vlbgXJIitH/v5D2OF+SQdMKTj9B4bgAy9k=",
        "owner": "divnix",
        "repo": "std",
        "rev": "37cbf2f9cadfdbf0a96d22881d8aa383d5bfdd67",
        "type": "github"
      },
      "original": {
        "owner": "divnix",
        "repo": "std",
        "type": "github"
      }
    },
    "yants": {
      "inputs": {
        "nixpkgs": [
          "apparat",
          "std",
          "lib"
        ]
      },
      "locked": {
        "lastModified": 1686863218,
        "narHash": "sha256-kooxYm3/3ornWtVBNHM3Zh020gACUyFX2G0VQXnB+mk=",
        "owner": "divnix",
        "repo": "yants",
        "rev": "8f0da0dba57149676aa4817ec0c880fbde7a648d",
        "type": "github"
      },
      "original": {
        "owner": "divnix",
        "repo": "yants",
        "type": "github"
      }
    }
  },
  "root": "root",
  "version": 7
}
