{
  "nodes": {
    "apparat": {
      "inputs": {
        "blank": "blank",
        "devshell": "devshell",
        "flake-parts": "flake-parts",
        "haumea": "haumea",
        "nix-colors": [
          "apparat",
          "blank"
        ],
        "nixpkgs": "nixpkgs_2"
      },
      "locked": {
        "lastModified": 1740944764,
        "narHash": "sha256-5ngTMEJAVqInQNZppT5f/ffr5iU2MwDV7dg9vTbriQY=",
        "owner": "~montchr",
        "repo": "apparat",
        "rev": "a58dbc96db490f98aa56451347e1eff449db6b3c",
        "type": "sourcehut"
      },
      "original": {
        "owner": "~montchr",
        "repo": "apparat",
        "type": "sourcehut"
      }
    },
    "blank": {
      "locked": {
        "lastModified": 1625557891,
        "narHash": "sha256-O8/MWsPBGhhyPoPLHZAuoZiiHo9q6FLlEeIDEXuj6T4=",
        "owner": "divnix",
        "repo": "blank",
        "rev": "5a5d2684073d9f563072ed07c871d577a6c614a8",
        "type": "github"
      },
      "original": {
        "owner": "divnix",
        "repo": "blank",
        "type": "github"
      }
    },
    "devshell": {
      "inputs": {
        "flake-utils": "flake-utils",
        "nixpkgs": "nixpkgs"
      },
      "locked": {
        "lastModified": 1708939976,
        "narHash": "sha256-O5+nFozxz2Vubpdl1YZtPrilcIXPcRAjqNdNE8oCRoA=",
        "owner": "numtide",
        "repo": "devshell",
        "rev": "5ddecd67edbd568ebe0a55905273e56cc82aabe3",
        "type": "github"
      },
      "original": {
        "owner": "numtide",
        "repo": "devshell",
        "type": "github"
      }
    },
    "devshell_2": {
      "inputs": {
        "nixpkgs": "nixpkgs_3"
      },
      "locked": {
        "lastModified": 1741473158,
        "narHash": "sha256-kWNaq6wQUbUMlPgw8Y+9/9wP0F8SHkjy24/mN3UAppg=",
        "owner": "numtide",
        "repo": "devshell",
        "rev": "7c9e793ebe66bcba8292989a68c0419b737a22a0",
        "type": "github"
      },
      "original": {
        "owner": "numtide",
        "repo": "devshell",
        "type": "github"
      }
    },
    "flake-parts": {
      "inputs": {
        "nixpkgs-lib": "nixpkgs-lib"
      },
      "locked": {
        "lastModified": 1709336216,
        "narHash": "sha256-Dt/wOWeW6Sqm11Yh+2+t0dfEWxoMxGBvv3JpIocFl9E=",
        "owner": "hercules-ci",
        "repo": "flake-parts",
        "rev": "f7b3c975cf067e56e7cda6cb098ebe3fb4d74ca2",
        "type": "github"
      },
      "original": {
        "owner": "hercules-ci",
        "repo": "flake-parts",
        "type": "github"
      }
    },
    "flake-parts_2": {
      "inputs": {
        "nixpkgs-lib": "nixpkgs-lib_2"
      },
      "locked": {
        "lastModified": 1756770412,
        "narHash": "sha256-+uWLQZccFHwqpGqr2Yt5VsW/PbeJVTn9Dk6SHWhNRPw=",
        "owner": "hercules-ci",
        "repo": "flake-parts",
        "rev": "4524271976b625a4a605beefd893f270620fd751",
        "type": "github"
      },
      "original": {
        "owner": "hercules-ci",
        "repo": "flake-parts",
        "type": "github"
      }
    },
    "flake-utils": {
      "inputs": {
        "systems": "systems"
      },
      "locked": {
        "lastModified": 1701680307,
        "narHash": "sha256-kAuep2h5ajznlPMD9rnQyffWG8EM/C73lejGofXvdM8=",
        "owner": "numtide",
        "repo": "flake-utils",
        "rev": "4022d587cbbfd70fe950c1e2083a02621806a725",
        "type": "github"
      },
      "original": {
        "owner": "numtide",
        "repo": "flake-utils",
        "type": "github"
      }
    },
    "haumea": {
      "inputs": {
        "nixpkgs": [
          "apparat",
          "nixpkgs"
        ]
      },
      "locked": {
        "lastModified": 1708375098,
        "narHash": "sha256-DaFJp3wDHgOqx98U0SF57bXaH2Orp106c+jSdPCVu1E=",
        "owner": "nix-community",
        "repo": "haumea",
        "rev": "ec6350fd9353e7f27ce0e85d31f82e3ed73e4d70",
        "type": "github"
      },
      "original": {
        "owner": "nix-community",
        "repo": "haumea",
        "type": "github"
      }
    },
    "nix-nil-lsp": {
      "inputs": {
        "nixpkgs": "nixpkgs_4"
      },
      "locked": {
        "lastModified": 1757219451,
        "narHash": "sha256-ImGN436GYd50HjoKTeRK+kWYIU/7PkDv15UmoUCPDUk=",
        "owner": "oxalica",
        "repo": "nil",
        "rev": "01e573c9e31ba3be7eaa848ba7dfcbd04260163e",
        "type": "github"
      },
      "original": {
        "owner": "oxalica",
        "repo": "nil",
        "type": "github"
      }
    },
    "nixpkgs": {
      "locked": {
        "lastModified": 1704161960,
        "narHash": "sha256-QGua89Pmq+FBAro8NriTuoO/wNaUtugt29/qqA8zeeM=",
        "owner": "NixOS",
        "repo": "nixpkgs",
        "rev": "63143ac2c9186be6d9da6035fa22620018c85932",
        "type": "github"
      },
      "original": {
        "owner": "NixOS",
        "ref": "nixpkgs-unstable",
        "repo": "nixpkgs",
        "type": "github"
      }
    },
    "nixpkgs-lib": {
      "locked": {
        "dir": "lib",
        "lastModified": 1709237383,
        "narHash": "sha256-cy6ArO4k5qTx+l5o+0mL9f5fa86tYUX3ozE1S+Txlds=",
        "owner": "NixOS",
        "repo": "nixpkgs",
        "rev": "1536926ef5621b09bba54035ae2bb6d806d72ac8",
        "type": "github"
      },
      "original": {
        "dir": "lib",
        "owner": "NixOS",
        "ref": "nixos-unstable",
        "repo": "nixpkgs",
        "type": "github"
      }
    },
    "nixpkgs-lib_2": {
      "locked": {
        "lastModified": 1754788789,
        "narHash": "sha256-x2rJ+Ovzq0sCMpgfgGaaqgBSwY+LST+WbZ6TytnT9Rk=",
        "owner": "nix-community",
        "repo": "nixpkgs.lib",
        "rev": "a73b9c743612e4244d865a2fdee11865283c04e6",
        "type": "github"
      },
      "original": {
        "owner": "nix-community",
        "repo": "nixpkgs.lib",
        "type": "github"
      }
    },
    "nixpkgs_2": {
      "locked": {
        "lastModified": 1708807242,
        "narHash": "sha256-sRTRkhMD4delO/hPxxi+XwLqPn8BuUq6nnj4JqLwOu0=",
        "owner": "NixOS",
        "repo": "nixpkgs",
        "rev": "73de017ef2d18a04ac4bfd0c02650007ccb31c2a",
        "type": "github"
      },
      "original": {
        "owner": "NixOS",
        "ref": "nixos-unstable",
        "repo": "nixpkgs",
        "type": "github"
      }
    },
    "nixpkgs_3": {
      "locked": {
        "lastModified": 1722073938,
        "narHash": "sha256-OpX0StkL8vpXyWOGUD6G+MA26wAXK6SpT94kLJXo6B4=",
        "owner": "NixOS",
        "repo": "nixpkgs",
        "rev": "e36e9f57337d0ff0cf77aceb58af4c805472bfae",
        "type": "github"
      },
      "original": {
        "owner": "NixOS",
        "ref": "nixpkgs-unstable",
        "repo": "nixpkgs",
        "type": "github"
      }
    },
    "nixpkgs_4": {
      "locked": {
        "lastModified": 1749619289,
        "narHash": "sha256-qX6gXVjaCXXbcn6A9eSLUf8Fm07MgPGe5ir3++y2O1Q=",
        "owner": "NixOS",
        "repo": "nixpkgs",
        "rev": "f72be405a10668b8b00937b452f2145244103ebc",
        "type": "github"
      },
      "original": {
        "owner": "NixOS",
        "ref": "nixpkgs-unstable",
        "repo": "nixpkgs",
        "type": "github"
      }
    },
    "nixpkgs_5": {
      "locked": {
        "lastModified": 1759036355,
        "narHash": "sha256-0m27AKv6ka+q270dw48KflE0LwQYrO7Fm4/2//KCVWg=",
        "owner": "NixOS",
        "repo": "nixpkgs",
        "rev": "e9f00bd893984bc8ce46c895c3bf7cac95331127",
        "type": "github"
      },
      "original": {
        "owner": "NixOS",
        "ref": "nixos-unstable",
        "repo": "nixpkgs",
        "type": "github"
      }
    },
    "root": {
      "inputs": {
        "apparat": "apparat",
        "devshell": "devshell_2",
        "flake-parts": "flake-parts_2",
        "nix-nil-lsp": "nix-nil-lsp",
        "nixpkgs": "nixpkgs_5"
      }
    },
    "systems": {
      "locked": {
        "lastModified": 1681028828,
        "narHash": "sha256-Vy1rq5AaRuLzOxct8nz4T6wlgyUR7zLU309k9mBC768=",
        "owner": "nix-systems",
        "repo": "default",
        "rev": "da67096a3b9bf56a91d16901293e51ba5b49a27e",
        "type": "github"
      },
      "original": {
        "owner": "nix-systems",
        "repo": "default",
        "type": "github"
      }
    }
  },
  "root": "root",
  "version": 7
}
